
Microsoft Visual Studio Solution File, Format Version 12.00
# Visual Studio Version 16
VisualStudioVersion = 16.0.31729.503
MinimumVisualStudioVersion = 10.0.40219.1
Project("{FAE04EC0-301F-11D3-BF4B-00C04F79EFBC}") = "ConsoleChass", "ConsoleChass\ConsoleChass.csproj", "{6397F1EB-FC37-4005-8AC0-36E1A5F6A996}"
EndProject
Global
	GlobalSection(SolutionConfigurationPlatforms) = preSolution
		Debug|Any CPU = Debug|Any CPU
		Release|Any CPU = Release|Any CPU
	EndGlobalSection
	GlobalSection(ProjectConfigurationPlatforms) = postSolution
		{6397F1EB-FC37-4005-8AC0-36E1A5F6A996}.Debug|Any CPU.ActiveCfg = Debug|Any CPU
		{6397F1EB-FC37-4005-8AC0-36E1A5F6A996}.Debug|Any CPU.Build.0 = Debug|Any CPU
		{6397F1EB-FC37-4005-8AC0-36E1A5F6A996}.Release|Any CPU.ActiveCfg = Release|Any CPU
		{6397F1EB-FC37-4005-8AC0-36E1A5F6A996}.Release|Any CPU.Build.0 = Release|Any CPU
	EndGlobalSection
	GlobalSection(SolutionProperties) = preSolution
		HideSolutionNode = FALSE
	EndGlobalSection
	GlobalSection(ExtensibilityGlobals) = postSolution
		SolutionGuid = {8F8B5BCF-1991-4E4A-BC84-A6355D2A32FC}
	EndGlobalSection
EndGlobal
